// !$*UTF8*$!
{
	archiveVersion = 1;
	classes = {
	};
	objectVersion = 46;
	objects = {

/* Begin PBXBuildFile section */
		5C3C9A711CC62760004290FE /* main.m in Sources */ = {isa = PBXBuildFile; fileRef = 5C3C9A701CC62760004290FE /* main.m */; };
		5C3C9A741CC62760004290FE /* AppDelegate.m in Sources */ = {isa = PBXBuildFile; fileRef = 5C3C9A731CC62760004290FE /* AppDelegate.m */; };
		5C3C9A771CC62760004290FE /* ViewController.m in Sources */ = {isa = PBXBuildFile; fileRef = 5C3C9A761CC62760004290FE /* ViewController.m */; };
		5C3C9A7A1CC62760004290FE /* Main.storyboard in Resources */ = {isa = PBXBuildFile; fileRef = 5C3C9A781CC62760004290FE /* Main.storyboard */; };
		5C3C9A7C1CC62760004290FE /* Assets.xcassets in Resources */ = {isa = PBXBuildFile; fileRef = 5C3C9A7B1CC62760004290FE /* Assets.xcassets */; };
		5C3C9A7F1CC62760004290FE /* LaunchScreen.storyboard in Resources */ = {isa = PBXBuildFile; fileRef = 5C3C9A7D1CC62760004290FE /* LaunchScreen.storyboard */; };
		5C3C9A8A1CC62760004290FE /* TextViewLinkTests.m in Sources */ = {isa = PBXBuildFile; fileRef = 5C3C9A891CC62760004290FE /* TextViewLinkTests.m */; };
		5C3C9A951CC62760004290FE /* TextViewLinkUITests.m in Sources */ = {isa = PBXBuildFile; fileRef = 5C3C9A941CC62760004290FE /* TextViewLinkUITests.m */; };
		5C3C9AC71CC63879004290FE /* MKAnnotationView+WebCache.m in Sources */ = {isa = PBXBuildFile; fileRef = 5C3C9AA71CC63879004290FE /* MKAnnotationView+WebCache.m */; };
		5C3C9AC81CC63879004290FE /* NSData+ImageContentType.m in Sources */ = {isa = PBXBuildFile; fileRef = 5C3C9AA91CC63879004290FE /* NSData+ImageContentType.m */; };
		5C3C9AC91CC63879004290FE /* SDImageCache.m in Sources */ = {isa = PBXBuildFile; fileRef = 5C3C9AAB1CC63879004290FE /* SDImageCache.m */; };
		5C3C9ACA1CC63879004290FE /* SDWebImageCompat.m in Sources */ = {isa = PBXBuildFile; fileRef = 5C3C9AAD1CC63879004290FE /* SDWebImageCompat.m */; };
		5C3C9ACB1CC63879004290FE /* SDWebImageDecoder.m in Sources */ = {isa = PBXBuildFile; fileRef = 5C3C9AAF1CC63879004290FE /* SDWebImageDecoder.m */; };
		5C3C9ACC1CC63879004290FE /* SDWebImageDownloader.m in Sources */ = {isa = PBXBuildFile; fileRef = 5C3C9AB11CC63879004290FE /* SDWebImageDownloader.m */; };
		5C3C9ACD1CC63879004290FE /* SDWebImageDownloaderOperation.m in Sources */ = {isa = PBXBuildFile; fileRef = 5C3C9AB31CC63879004290FE /* SDWebImageDownloaderOperation.m */; };
		5C3C9ACE1CC63879004290FE /* SDWebImageManager.m in Sources */ = {isa = PBXBuildFile; fileRef = 5C3C9AB51CC63879004290FE /* SDWebImageManager.m */; };
		5C3C9ACF1CC63879004290FE /* SDWebImagePrefetcher.m in Sources */ = {isa = PBXBuildFile; fileRef = 5C3C9AB81CC63879004290FE /* SDWebImagePrefetcher.m */; };
		5C3C9AD01CC63879004290FE /* UIButton+WebCache.m in Sources */ = {isa = PBXBuildFile; fileRef = 5C3C9ABA1CC63879004290FE /* UIButton+WebCache.m */; };
		5C3C9AD11CC63879004290FE /* UIImage+GIF.m in Sources */ = {isa = PBXBuildFile; fileRef = 5C3C9ABC1CC63879004290FE /* UIImage+GIF.m */; };
		5C3C9AD21CC63879004290FE /* UIImage+MultiFormat.m in Sources */ = {isa = PBXBuildFile; fileRef = 5C3C9ABE1CC63879004290FE /* UIImage+MultiFormat.m */; };
		5C3C9AD31CC63879004290FE /* UIImage+WebP.m in Sources */ = {isa = PBXBuildFile; fileRef = 5C3C9AC01CC63879004290FE /* UIImage+WebP.m */; };
		5C3C9AD41CC63879004290FE /* UIImageView+HighlightedWebCache.m in Sources */ = {isa = PBXBuildFile; fileRef = 5C3C9AC21CC63879004290FE /* UIImageView+HighlightedWebCache.m */; };
		5C3C9AD51CC63879004290FE /* UIImageView+WebCache.m in Sources */ = {isa = PBXBuildFile; fileRef = 5C3C9AC41CC63879004290FE /* UIImageView+WebCache.m */; };
		5C3C9AD61CC63879004290FE /* UIView+WebCacheOperation.m in Sources */ = {isa = PBXBuildFile; fileRef = 5C3C9AC61CC63879004290FE /* UIView+WebCacheOperation.m */; };
		5C3C9ADF1CC65603004290FE /* expression.plist in Resources */ = {isa = PBXBuildFile; fileRef = 5C3C9ADE1CC65603004290FE /* expression.plist */; };
		5CE67EBA1D4F567800B5DCFC /* LXHelpClass.m in Sources */ = {isa = PBXBuildFile; fileRef = 5CE67EB41D4F567800B5DCFC /* LXHelpClass.m */; };
		5CE67EBB1D4F567800B5DCFC /* LXTextAttachment.m in Sources */ = {isa = PBXBuildFile; fileRef = 5CE67EB61D4F567800B5DCFC /* LXTextAttachment.m */; };
		5CE67EBC1D4F567800B5DCFC /* LXTextView.m in Sources */ = {isa = PBXBuildFile; fileRef = 5CE67EB81D4F567800B5DCFC /* LXTextView.m */; };
		5CE67EBE1D4F56AC00B5DCFC /* screen.png in Resources */ = {isa = PBXBuildFile; fileRef = 5CE67EBD1D4F56AC00B5DCFC /* screen.png */; };
/* End PBXBuildFile section */

/* Begin PBXContainerItemProxy section */
		5C3C9A861CC62760004290FE /* PBXContainerItemProxy */ = {
			isa = PBXContainerItemProxy;
			containerPortal = 5C3C9A641CC62760004290FE /* Project object */;
			proxyType = 1;
			remoteGlobalIDString = 5C3C9A6B1CC62760004290FE;
			remoteInfo = TextViewLink;
		};
		5C3C9A911CC62760004290FE /* PBXContainerItemProxy */ = {
			isa = PBXContainerItemProxy;
			containerPortal = 5C3C9A641CC62760004290FE /* Project object */;
			proxyType = 1;
			remoteGlobalIDString = 5C3C9A6B1CC62760004290FE;
			remoteInfo = TextViewLink;
		};
/* End PBXContainerItemProxy section */

/* Begin PBXFileReference section */
		5C3C9A6C1CC62760004290FE /* TextViewLink.app */ = {isa = PBXFileReference; explicitFileType = wrapper.application; includeInIndex = 0; path = TextViewLink.app; sourceTree = BUILT_PRODUCTS_DIR; };
		5C3C9A701CC62760004290FE /* main.m */ = {isa = PBXFileReference; lastKnownFileType = sourcecode.c.objc; path = main.m; sourceTree = "<group>"; };
		5C3C9A721CC62760004290FE /* AppDelegate.h */ = {isa = PBXFileReference; lastKnownFileType = sourcecode.c.h; path = AppDelegate.h; sourceTree = "<group>"; };
		5C3C9A731CC62760004290FE /* AppDelegate.m */ = {isa = PBXFileReference; lastKnownFileType = sourcecode.c.objc; path = AppDelegate.m; sourceTree = "<group>"; };
		5C3C9A751CC62760004290FE /* ViewController.h */ = {isa = PBXFileReference; lastKnownFileType = sourcecode.c.h; path = ViewController.h; sourceTree = "<group>"; };
		5C3C9A761CC62760004290FE /* ViewController.m */ = {isa = PBXFileReference; lastKnownFileType = sourcecode.c.objc; path = ViewController.m; sourceTree = "<group>"; };
		5C3C9A791CC62760004290FE /* Base */ = {isa = PBXFileReference; lastKnownFileType = file.storyboard; name = Base; path = Base.lproj/Main.storyboard; sourceTree = "<group>"; };
		5C3C9A7B1CC62760004290FE /* Assets.xcassets */ = {isa = PBXFileReference; lastKnownFileType = folder.assetcatalog; path = Assets.xcassets; sourceTree = "<group>"; };
		5C3C9A7E1CC62760004290FE /* Base */ = {isa = PBXFileReference; lastKnownFileType = file.storyboard; name = Base; path = Base.lproj/LaunchScreen.storyboard; sourceTree = "<group>"; };
		5C3C9A801CC62760004290FE /* Info.plist */ = {isa = PBXFileReference; lastKnownFileType = text.plist.xml; path = Info.plist; sourceTree = "<group>"; };
		5C3C9A851CC62760004290FE /* TextViewLinkTests.xctest */ = {isa = PBXFileReference; explicitFileType = wrapper.cfbundle; includeInIndex = 0; path = TextViewLinkTests.xctest; sourceTree = BUILT_PRODUCTS_DIR; };
		5C3C9A891CC62760004290FE /* TextViewLinkTests.m */ = {isa = PBXFileReference; lastKnownFileType = sourcecode.c.objc; path = TextViewLinkTests.m; sourceTree = "<group>"; };
		5C3C9A8B1CC62760004290FE /* Info.plist */ = {isa = PBXFileReference; lastKnownFileType = text.plist.xml; path = Info.plist; sourceTree = "<group>"; };
		5C3C9A901CC62760004290FE /* TextViewLinkUITests.xctest */ = {isa = PBXFileReference; explicitFileType = wrapper.cfbundle; includeInIndex = 0; path = TextViewLinkUITests.xctest; sourceTree = BUILT_PRODUCTS_DIR; };
		5C3C9A941CC62760004290FE /* TextViewLinkUITests.m */ = {isa = PBXFileReference; lastKnownFileType = sourcecode.c.objc; path = TextViewLinkUITests.m; sourceTree = "<group>"; };
		5C3C9A961CC62760004290FE /* Info.plist */ = {isa = PBXFileReference; lastKnownFileType = text.plist.xml; path = Info.plist; sourceTree = "<group>"; };
		5C3C9AA61CC63879004290FE /* MKAnnotationView+WebCache.h */ = {isa = PBXFileReference; fileEncoding = 4; lastKnownFileType = sourcecode.c.h; path = "MKAnnotationView+WebCache.h"; sourceTree = "<group>"; };
		5C3C9AA71CC63879004290FE /* MKAnnotationView+WebCache.m */ = {isa = PBXFileReference; fileEncoding = 4; lastKnownFileType = sourcecode.c.objc; path = "MKAnnotationView+WebCache.m"; sourceTree = "<group>"; };
		5C3C9AA81CC63879004290FE /* NSData+ImageContentType.h */ = {isa = PBXFileReference; fileEncoding = 4; lastKnownFileType = sourcecode.c.h; path = "NSData+ImageContentType.h"; sourceTree = "<group>"; };
		5C3C9AA91CC63879004290FE /* NSData+ImageContentType.m */ = {isa = PBXFileReference; fileEncoding = 4; lastKnownFileType = sourcecode.c.objc; path = "NSData+ImageContentType.m"; sourceTree = "<group>"; };
		5C3C9AAA1CC63879004290FE /* SDImageCache.h */ = {isa = PBXFileReference; fileEncoding = 4; lastKnownFileType = sourcecode.c.h; path = SDImageCache.h; sourceTree = "<group>"; };
		5C3C9AAB1CC63879004290FE /* SDImageCache.m */ = {isa = PBXFileReference; fileEncoding = 4; lastKnownFileType = sourcecode.c.objc; path = SDImageCache.m; sourceTree = "<group>"; };
		5C3C9AAC1CC63879004290FE /* SDWebImageCompat.h */ = {isa = PBXFileReference; fileEncoding = 4; lastKnownFileType = sourcecode.c.h; path = SDWebImageCompat.h; sourceTree = "<group>"; };
		5C3C9AAD1CC63879004290FE /* SDWebImageCompat.m */ = {isa = PBXFileReference; fileEncoding = 4; lastKnownFileType = sourcecode.c.objc; path = SDWebImageCompat.m; sourceTree = "<group>"; };
		5C3C9AAE1CC63879004290FE /* SDWebImageDecoder.h */ = {isa = PBXFileReference; fileEncoding = 4; lastKnownFileType = sourcecode.c.h; path = SDWebImageDecoder.h; sourceTree = "<group>"; };
		5C3C9AAF1CC63879004290FE /* SDWebImageDecoder.m */ = {isa = PBXFileReference; fileEncoding = 4; lastKnownFileType = sourcecode.c.objc; path = SDWebImageDecoder.m; sourceTree = "<group>"; };
		5C3C9AB01CC63879004290FE /* SDWebImageDownloader.h */ = {isa = PBXFileReference; fileEncoding = 4; lastKnownFileType = sourcecode.c.h; path = SDWebImageDownloader.h; sourceTree = "<group>"; };
		5C3C9AB11CC63879004290FE /* SDWebImageDownloader.m */ = {isa = PBXFileReference; fileEncoding = 4; lastKnownFileType = sourcecode.c.objc; path = SDWebImageDownloader.m; sourceTree = "<group>"; };
		5C3C9AB21CC63879004290FE /* SDWebImageDownloaderOperation.h */ = {isa = PBXFileReference; fileEncoding = 4; lastKnownFileType = sourcecode.c.h; path = SDWebImageDownloaderOperation.h; sourceTree = "<group>"; };
		5C3C9AB31CC63879004290FE /* SDWebImageDownloaderOperation.m */ = {isa = PBXFileReference; fileEncoding = 4; lastKnownFileType = sourcecode.c.objc; path = SDWebImageDownloaderOperation.m; sourceTree = "<group>"; };
		5C3C9AB41CC63879004290FE /* SDWebImageManager.h */ = {isa = PBXFileReference; fileEncoding = 4; lastKnownFileType = sourcecode.c.h; path = SDWebImageManager.h; sourceTree = "<group>"; };
		5C3C9AB51CC63879004290FE /* SDWebImageManager.m */ = {isa = PBXFileReference; fileEncoding = 4; lastKnownFileType = sourcecode.c.objc; path = SDWebImageManager.m; sourceTree = "<group>"; };
		5C3C9AB61CC63879004290FE /* SDWebImageOperation.h */ = {isa = PBXFileReference; fileEncoding = 4; lastKnownFileType = sourcecode.c.h; path = SDWebImageOperation.h; sourceTree = "<group>"; };
		5C3C9AB71CC63879004290FE /* SDWebImagePrefetcher.h */ = {isa = PBXFileReference; fileEncoding = 4; lastKnownFileType = sourcecode.c.h; path = SDWebImagePrefetcher.h; sourceTree = "<group>"; };
		5C3C9AB81CC63879004290FE /* SDWebImagePrefetcher.m */ = {isa = PBXFileReference; fileEncoding = 4; lastKnownFileType = sourcecode.c.objc; path = SDWebImagePrefetcher.m; sourceTree = "<group>"; };
		5C3C9AB91CC63879004290FE /* UIButton+WebCache.h */ = {isa = PBXFileReference; fileEncoding = 4; lastKnownFileType = sourcecode.c.h; path = "UIButton+WebCache.h"; sourceTree = "<group>"; };
		5C3C9ABA1CC63879004290FE /* UIButton+WebCache.m */ = {isa = PBXFileReference; fileEncoding = 4; lastKnownFileType = sourcecode.c.objc; path = "UIButton+WebCache.m"; sourceTree = "<group>"; };
		5C3C9ABB1CC63879004290FE /* UIImage+GIF.h */ = {isa = PBXFileReference; fileEncoding = 4; lastKnownFileType = sourcecode.c.h; path = "UIImage+GIF.h"; sourceTree = "<group>"; };
		5C3C9ABC1CC63879004290FE /* UIImage+GIF.m */ = {isa = PBXFileReference; fileEncoding = 4; lastKnownFileType = sourcecode.c.objc; path = "UIImage+GIF.m"; sourceTree = "<group>"; };
		5C3C9ABD1CC63879004290FE /* UIImage+MultiFormat.h */ = {isa = PBXFileReference; fileEncoding = 4; lastKnownFileType = sourcecode.c.h; path = "UIImage+MultiFormat.h"; sourceTree = "<group>"; };
		5C3C9ABE1CC63879004290FE /* UIImage+MultiFormat.m */ = {isa = PBXFileReference; fileEncoding = 4; lastKnownFileType = sourcecode.c.objc; path = "UIImage+MultiFormat.m"; sourceTree = "<group>"; };
		5C3C9ABF1CC63879004290FE /* UIImage+WebP.h */ = {isa = PBXFileReference; fileEncoding = 4; lastKnownFileType = sourcecode.c.h; path = "UIImage+WebP.h"; sourceTree = "<group>"; };
		5C3C9AC01CC63879004290FE /* UIImage+WebP.m */ = {isa = PBXFileReference; fileEncoding = 4; lastKnownFileType = sourcecode.c.objc; path = "UIImage+WebP.m"; sourceTree = "<group>"; };
		5C3C9AC11CC63879004290FE /* UIImageView+HighlightedWebCache.h */ = {isa = PBXFileReference; fileEncoding = 4; lastKnownFileType = sourcecode.c.h; path = "UIImageView+HighlightedWebCache.h"; sourceTree = "<group>"; };
		5C3C9AC21CC63879004290FE /* UIImageView+HighlightedWebCache.m */ = {isa = PBXFileReference; fileEncoding = 4; lastKnownFileType = sourcecode.c.objc; path = "UIImageView+HighlightedWebCache.m"; sourceTree = "<group>"; };
		5C3C9AC31CC63879004290FE /* UIImageView+WebCache.h */ = {isa = PBXFileReference; fileEncoding = 4; lastKnownFileType = sourcecode.c.h; path = "UIImageView+WebCache.h"; sourceTree = "<group>"; };
		5C3C9AC41CC63879004290FE /* UIImageView+WebCache.m */ = {isa = PBXFileReference; fileEncoding = 4; lastKnownFileType = sourcecode.c.objc; path = "UIImageView+WebCache.m"; sourceTree = "<group>"; };
		5C3C9AC51CC63879004290FE /* UIView+WebCacheOperation.h */ = {isa = PBXFileReference; fileEncoding = 4; lastKnownFileType = sourcecode.c.h; path = "UIView+WebCacheOperation.h"; sourceTree = "<group>"; };
		5C3C9AC61CC63879004290FE /* UIView+WebCacheOperation.m */ = {isa = PBXFileReference; fileEncoding = 4; lastKnownFileType = sourcecode.c.objc; path = "UIView+WebCacheOperation.m"; sourceTree = "<group>"; };
		5C3C9ADE1CC65603004290FE /* expression.plist */ = {isa = PBXFileReference; fileEncoding = 4; lastKnownFileType = text.plist.xml; path = expression.plist; sourceTree = "<group>"; };
		5CE67EB31D4F567800B5DCFC /* LXHelpClass.h */ = {isa = PBXFileReference; fileEncoding = 4; lastKnownFileType = sourcecode.c.h; path = LXHelpClass.h; sourceTree = "<group>"; };
		5CE67EB41D4F567800B5DCFC /* LXHelpClass.m */ = {isa = PBXFileReference; fileEncoding = 4; lastKnownFileType = sourcecode.c.objc; path = LXHelpClass.m; sourceTree = "<group>"; };
		5CE67EB51D4F567800B5DCFC /* LXTextAttachment.h */ = {isa = PBXFileReference; fileEncoding = 4; lastKnownFileType = sourcecode.c.h; path = LXTextAttachment.h; sourceTree = "<group>"; };
		5CE67EB61D4F567800B5DCFC /* LXTextAttachment.m */ = {isa = PBXFileReference; fileEncoding = 4; lastKnownFileType = sourcecode.c.objc; path = LXTextAttachment.m; sourceTree = "<group>"; };
		5CE67EB71D4F567800B5DCFC /* LXTextView.h */ = {isa = PBXFileReference; fileEncoding = 4; lastKnownFileType = sourcecode.c.h; path = LXTextView.h; sourceTree = "<group>"; };
		5CE67EB81D4F567800B5DCFC /* LXTextView.m */ = {isa = PBXFileReference; fileEncoding = 4; lastKnownFileType = sourcecode.c.objc; path = LXTextView.m; sourceTree = "<group>"; };
		5CE67EB91D4F567800B5DCFC /* SynthesizeSingleton.h */ = {isa = PBXFileReference; fileEncoding = 4; lastKnownFileType = sourcecode.c.h; path = SynthesizeSingleton.h; sourceTree = "<group>"; };
		5CE67EBD1D4F56AC00B5DCFC /* screen.png */ = {isa = PBXFileReference; lastKnownFileType = image.png; path = screen.png; sourceTree = "<group>"; };
/* End PBXFileReference section */

/* Begin PBXFrameworksBuildPhase section */
		5C3C9A691CC62760004290FE /* Frameworks */ = {
			isa = PBXFrameworksBuildPhase;
			buildActionMask = 2147483647;
			files = (
			);
			runOnlyForDeploymentPostprocessing = 0;
		};
		5C3C9A821CC62760004290FE /* Frameworks */ = {
			isa = PBXFrameworksBuildPhase;
			buildActionMask = 2147483647;
			files = (
			);
			runOnlyForDeploymentPostprocessing = 0;
		};
		5C3C9A8D1CC62760004290FE /* Frameworks */ = {
			isa = PBXFrameworksBuildPhase;
			buildActionMask = 2147483647;
			files = (
			);
			runOnlyForDeploymentPostprocessing = 0;
		};
/* End PBXFrameworksBuildPhase section */

/* Begin PBXGroup section */
		5C3C9A631CC62760004290FE = {
			isa = PBXGroup;
			children = (
				5C3C9A6E1CC62760004290FE /* TextViewLink */,
				5C3C9A881CC62760004290FE /* TextViewLinkTests */,
				5C3C9A931CC62760004290FE /* TextViewLinkUITests */,
				5C3C9A6D1CC62760004290FE /* Products */,
			);
			sourceTree = "<group>";
		};
		5C3C9A6D1CC62760004290FE /* Products */ = {
			isa = PBXGroup;
			children = (
				5C3C9A6C1CC62760004290FE /* TextViewLink.app */,
				5C3C9A851CC62760004290FE /* TextViewLinkTests.xctest */,
				5C3C9A901CC62760004290FE /* TextViewLinkUITests.xctest */,
			);
			name = Products;
			sourceTree = "<group>";
		};
		5C3C9A6E1CC62760004290FE /* TextViewLink */ = {
			isa = PBXGroup;
			children = (
				5CE67EB21D4F567800B5DCFC /* LXTextViewLink */,
				5C3C9AA51CC63879004290FE /* SDWebImage */,
				5C3C9A721CC62760004290FE /* AppDelegate.h */,
				5C3C9A731CC62760004290FE /* AppDelegate.m */,
				5C3C9A751CC62760004290FE /* ViewController.h */,
				5C3C9A761CC62760004290FE /* ViewController.m */,
				5C3C9A6F1CC62760004290FE /* Supporting Files */,
			);
			path = TextViewLink;
			sourceTree = "<group>";
		};
		5C3C9A6F1CC62760004290FE /* Supporting Files */ = {
			isa = PBXGroup;
			children = (
				5C3C9A781CC62760004290FE /* Main.storyboard */,
				5C3C9A7B1CC62760004290FE /* Assets.xcassets */,
				5C3C9A7D1CC62760004290FE /* LaunchScreen.storyboard */,
				5C3C9A801CC62760004290FE /* Info.plist */,
				5C3C9ADE1CC65603004290FE /* expression.plist */,
				5CE67EBD1D4F56AC00B5DCFC /* screen.png */,
				5C3C9A701CC62760004290FE /* main.m */,
			);
			name = "Supporting Files";
			sourceTree = "<group>";
		};
		5C3C9A881CC62760004290FE /* TextViewLinkTests */ = {
			isa = PBXGroup;
			children = (
				5C3C9A891CC62760004290FE /* TextViewLinkTests.m */,
				5C3C9A8B1CC62760004290FE /* Info.plist */,
			);
			path = TextViewLinkTests;
			sourceTree = "<group>";
		};
		5C3C9A931CC62760004290FE /* TextViewLinkUITests */ = {
			isa = PBXGroup;
			children = (
				5C3C9A941CC62760004290FE /* TextViewLinkUITests.m */,
				5C3C9A961CC62760004290FE /* Info.plist */,
			);
			path = TextViewLinkUITests;
			sourceTree = "<group>";
		};
		5C3C9AA51CC63879004290FE /* SDWebImage */ = {
			isa = PBXGroup;
			children = (
				5C3C9AA61CC63879004290FE /* MKAnnotationView+WebCache.h */,
				5C3C9AA71CC63879004290FE /* MKAnnotationView+WebCache.m */,
				5C3C9AA81CC63879004290FE /* NSData+ImageContentType.h */,
				5C3C9AA91CC63879004290FE /* NSData+ImageContentType.m */,
				5C3C9AAA1CC63879004290FE /* SDImageCache.h */,
				5C3C9AAB1CC63879004290FE /* SDImageCache.m */,
				5C3C9AAC1CC63879004290FE /* SDWebImageCompat.h */,
				5C3C9AAD1CC63879004290FE /* SDWebImageCompat.m */,
				5C3C9AAE1CC63879004290FE /* SDWebImageDecoder.h */,
				5C3C9AAF1CC63879004290FE /* SDWebImageDecoder.m */,
				5C3C9AB01CC63879004290FE /* SDWebImageDownloader.h */,
				5C3C9AB11CC63879004290FE /* SDWebImageDownloader.m */,
				5C3C9AB21CC63879004290FE /* SDWebImageDownloaderOperation.h */,
				5C3C9AB31CC63879004290FE /* SDWebImageDownloaderOperation.m */,
				5C3C9AB41CC63879004290FE /* SDWebImageManager.h */,
				5C3C9AB51CC63879004290FE /* SDWebImageManager.m */,
				5C3C9AB61CC63879004290FE /* SDWebImageOperation.h */,
				5C3C9AB71CC63879004290FE /* SDWebImagePrefetcher.h */,
				5C3C9AB81CC63879004290FE /* SDWebImagePrefetcher.m */,
				5C3C9AB91CC63879004290FE /* UIButton+WebCache.h */,
				5C3C9ABA1CC63879004290FE /* UIButton+WebCache.m */,
				5C3C9ABB1CC63879004290FE /* UIImage+GIF.h */,
				5C3C9ABC1CC63879004290FE /* UIImage+GIF.m */,
				5C3C9ABD1CC63879004290FE /* UIImage+MultiFormat.h */,
				5C3C9ABE1CC63879004290FE /* UIImage+MultiFormat.m */,
				5C3C9ABF1CC63879004290FE /* UIImage+WebP.h */,
				5C3C9AC01CC63879004290FE /* UIImage+WebP.m */,
				5C3C9AC11CC63879004290FE /* UIImageView+HighlightedWebCache.h */,
				5C3C9AC21CC63879004290FE /* UIImageView+HighlightedWebCache.m */,
				5C3C9AC31CC63879004290FE /* UIImageView+WebCache.h */,
				5C3C9AC41CC63879004290FE /* UIImageView+WebCache.m */,
				5C3C9AC51CC63879004290FE /* UIView+WebCacheOperation.h */,
				5C3C9AC61CC63879004290FE /* UIView+WebCacheOperation.m */,
			);
			path = SDWebImage;
			sourceTree = "<group>";
		};
		5CE67EB21D4F567800B5DCFC /* LXTextViewLink */ = {
			isa = PBXGroup;
			children = (
				5CE67EB31D4F567800B5DCFC /* LXHelpClass.h */,
				5CE67EB41D4F567800B5DCFC /* LXHelpClass.m */,
				5CE67EB51D4F567800B5DCFC /* LXTextAttachment.h */,
				5CE67EB61D4F567800B5DCFC /* LXTextAttachment.m */,
				5CE67EB71D4F567800B5DCFC /* LXTextView.h */,
				5CE67EB81D4F567800B5DCFC /* LXTextView.m */,
				5CE67EB91D4F567800B5DCFC /* SynthesizeSingleton.h */,
			);
			path = LXTextViewLink;
			sourceTree = "<group>";
		};
/* End PBXGroup section */

/* Begin PBXNativeTarget section */
		5C3C9A6B1CC62760004290FE /* TextViewLink */ = {
			isa = PBXNativeTarget;
			buildConfigurationList = 5C3C9A991CC62760004290FE /* Build configuration list for PBXNativeTarget "TextViewLink" */;
			buildPhases = (
				5C3C9A681CC62760004290FE /* Sources */,
				5C3C9A691CC62760004290FE /* Frameworks */,
				5C3C9A6A1CC62760004290FE /* Resources */,
			);
			buildRules = (
			);
			dependencies = (
			);
			name = TextViewLink;
			productName = TextViewLink;
			productReference = 5C3C9A6C1CC62760004290FE /* TextViewLink.app */;
			productType = "com.apple.product-type.application";
		};
		5C3C9A841CC62760004290FE /* TextViewLinkTests */ = {
			isa = PBXNativeTarget;
			buildConfigurationList = 5C3C9A9C1CC62760004290FE /* Build configuration list for PBXNativeTarget "TextViewLinkTests" */;
			buildPhases = (
				5C3C9A811CC62760004290FE /* Sources */,
				5C3C9A821CC62760004290FE /* Frameworks */,
				5C3C9A831CC62760004290FE /* Resources */,
			);
			buildRules = (
			);
			dependencies = (
				5C3C9A871CC62760004290FE /* PBXTargetDependency */,
			);
			name = TextViewLinkTests;
			productName = TextViewLinkTests;
			productReference = 5C3C9A851CC62760004290FE /* TextViewLinkTests.xctest */;
			productType = "com.apple.product-type.bundle.unit-test";
		};
		5C3C9A8F1CC62760004290FE /* TextViewLinkUITests */ = {
			isa = PBXNativeTarget;
			buildConfigurationList = 5C3C9A9F1CC62760004290FE /* Build configuration list for PBXNativeTarget "TextViewLinkUITests" */;
			buildPhases = (
				5C3C9A8C1CC62760004290FE /* Sources */,
				5C3C9A8D1CC62760004290FE /* Frameworks */,
				5C3C9A8E1CC62760004290FE /* Resources */,
			);
			buildRules = (
			);
			dependencies = (
				5C3C9A921CC62760004290FE /* PBXTargetDependency */,
			);
			name = TextViewLinkUITests;
			productName = TextViewLinkUITests;
			productReference = 5C3C9A901CC62760004290FE /* TextViewLinkUITests.xctest */;
			productType = "com.apple.product-type.bundle.ui-testing";
		};
/* End PBXNativeTarget section */

/* Begin PBXProject section */
		5C3C9A641CC62760004290FE /* Project object */ = {
			isa = PBXProject;
			attributes = {
				LastUpgradeCheck = 0730;
				ORGANIZATIONNAME = "李旭";
				TargetAttributes = {
					5C3C9A6B1CC62760004290FE = {
						CreatedOnToolsVersion = 7.3;
					};
					5C3C9A841CC62760004290FE = {
						CreatedOnToolsVersion = 7.3;
						TestTargetID = 5C3C9A6B1CC62760004290FE;
					};
					5C3C9A8F1CC62760004290FE = {
						CreatedOnToolsVersion = 7.3;
						TestTargetID = 5C3C9A6B1CC62760004290FE;
					};
				};
			};
			buildConfigurationList = 5C3C9A671CC62760004290FE /* Build configuration list for PBXProject "TextViewLink" */;
			compatibilityVersion = "Xcode 3.2";
			developmentRegion = English;
			hasScannedForEncodings = 0;
			knownRegions = (
				en,
				Base,
			);
			mainGroup = 5C3C9A631CC62760004290FE;
			productRefGroup = 5C3C9A6D1CC62760004290FE /* Products */;
			projectDirPath = "";
			projectRoot = "";
			targets = (
				5C3C9A6B1CC62760004290FE /* TextViewLink */,
				5C3C9A841CC62760004290FE /* TextViewLinkTests */,
				5C3C9A8F1CC62760004290FE /* TextViewLinkUITests */,
			);
		};
/* End PBXProject section */

/* Begin PBXResourcesBuildPhase section */
		5C3C9A6A1CC62760004290FE /* Resources */ = {
			isa = PBXResourcesBuildPhase;
			buildActionMask = 2147483647;
			files = (
				5C3C9A7F1CC62760004290FE /* LaunchScreen.storyboard in Resources */,
				5CE67EBE1D4F56AC00B5DCFC /* screen.png in Resources */,
				5C3C9A7C1CC62760004290FE /* Assets.xcassets in Resources */,
				5C3C9ADF1CC65603004290FE /* expression.plist in Resources */,
				5C3C9A7A1CC62760004290FE /* Main.storyboard in Resources */,
			);
			runOnlyForDeploymentPostprocessing = 0;
		};
		5C3C9A831CC62760004290FE /* Resources */ = {
			isa = PBXResourcesBuildPhase;
			buildActionMask = 2147483647;
			files = (
			);
			runOnlyForDeploymentPostprocessing = 0;
		};
		5C3C9A8E1CC62760004290FE /* Resources */ = {
			isa = PBXResourcesBuildPhase;
			buildActionMask = 2147483647;
			files = (
			);
			runOnlyForDeploymentPostprocessing = 0;
		};
/* End PBXResourcesBuildPhase section */

/* Begin PBXSourcesBuildPhase section */
		5C3C9A681CC62760004290FE /* Sources */ = {
			isa = PBXSourcesBuildPhase;
			buildActionMask = 2147483647;
			files = (
				5C3C9AD41CC63879004290FE /* UIImageView+HighlightedWebCache.m in Sources */,
				5C3C9AD21CC63879004290FE /* UIImage+MultiFormat.m in Sources */,
				5C3C9ACD1CC63879004290FE /* SDWebImageDownloaderOperation.m in Sources */,
				5C3C9A771CC62760004290FE /* ViewController.m in Sources */,
				5C3C9ACA1CC63879004290FE /* SDWebImageCompat.m in Sources */,
				5C3C9AD11CC63879004290FE /* UIImage+GIF.m in Sources */,
				5CE67EBB1D4F567800B5DCFC /* LXTextAttachment.m in Sources */,
				5CE67EBC1D4F567800B5DCFC /* LXTextView.m in Sources */,
				5C3C9ACF1CC63879004290FE /* SDWebImagePrefetcher.m in Sources */,
				5C3C9A741CC62760004290FE /* AppDelegate.m in Sources */,
				5C3C9A711CC62760004290FE /* main.m in Sources */,
				5C3C9AD31CC63879004290FE /* UIImage+WebP.m in Sources */,
				5C3C9AD51CC63879004290FE /* UIImageView+WebCache.m in Sources */,
				5C3C9ACC1CC63879004290FE /* SDWebImageDownloader.m in Sources */,
				5C3C9AD61CC63879004290FE /* UIView+WebCacheOperation.m in Sources */,
				5C3C9AD01CC63879004290FE /* UIButton+WebCache.m in Sources */,
				5C3C9AC71CC63879004290FE /* MKAnnotationView+WebCache.m in Sources */,
				5C3C9AC81CC63879004290FE /* NSData+ImageContentType.m in Sources */,
				5C3C9ACE1CC63879004290FE /* SDWebImageManager.m in Sources */,
				5C3C9ACB1CC63879004290FE /* SDWebImageDecoder.m in Sources */,
				5C3C9AC91CC63879004290FE /* SDImageCache.m in Sources */,
				5CE67EBA1D4F567800B5DCFC /* LXHelpClass.m in Sources */,
			);
			runOnlyForDeploymentPostprocessing = 0;
		};
		5C3C9A811CC62760004290FE /* Sources */ = {
			isa = PBXSourcesBuildPhase;
			buildActionMask = 2147483647;
			files = (
				5C3C9A8A1CC62760004290FE /* TextViewLinkTests.m in Sources */,
			);
			runOnlyForDeploymentPostprocessing = 0;
		};
		5C3C9A8C1CC62760004290FE /* Sources */ = {
			isa = PBXSourcesBuildPhase;
			buildActionMask = 2147483647;
			files = (
				5C3C9A951CC62760004290FE /* TextViewLinkUITests.m in Sources */,
			);
			runOnlyForDeploymentPostprocessing = 0;
		};
/* End PBXSourcesBuildPhase section */

/* Begin PBXTargetDependency section */
		5C3C9A871CC62760004290FE /* PBXTargetDependency */ = {
			isa = PBXTargetDependency;
			target = 5C3C9A6B1CC62760004290FE /* TextViewLink */;
			targetProxy = 5C3C9A861CC62760004290FE /* PBXContainerItemProxy */;
		};
		5C3C9A921CC62760004290FE /* PBXTargetDependency */ = {
			isa = PBXTargetDependency;
			target = 5C3C9A6B1CC62760004290FE /* TextViewLink */;
			targetProxy = 5C3C9A911CC62760004290FE /* PBXContainerItemProxy */;
		};
/* End PBXTargetDependency section */

/* Begin PBXVariantGroup section */
		5C3C9A781CC62760004290FE /* Main.storyboard */ = {
			isa = PBXVariantGroup;
			children = (
				5C3C9A791CC62760004290FE /* Base */,
			);
			name = Main.storyboard;
			sourceTree = "<group>";
		};
		5C3C9A7D1CC62760004290FE /* LaunchScreen.storyboard */ = {
			isa = PBXVariantGroup;
			children = (
				5C3C9A7E1CC62760004290FE /* Base */,
			);
			name = LaunchScreen.storyboard;
			sourceTree = "<group>";
		};
/* End PBXVariantGroup section */

/* Begin XCBuildConfiguration section */
		5C3C9A971CC62760004290FE /* Debug */ = {
			isa = XCBuildConfiguration;
			buildSettings = {
				ALWAYS_SEARCH_USER_PATHS = NO;
				CLANG_ANALYZER_NONNULL = YES;
				CLANG_CXX_LANGUAGE_STANDARD = "gnu++0x";
				CLANG_CXX_LIBRARY = "libc++";
				CLANG_ENABLE_MODULES = YES;
				CLANG_ENABLE_OBJC_ARC = YES;
				CLANG_WARN_BOOL_CONVERSION = YES;
				CLANG_WARN_CONSTANT_CONVERSION = YES;
				CLANG_WARN_DIRECT_OBJC_ISA_USAGE = YES_ERROR;
				CLANG_WARN_EMPTY_BODY = YES;
				CLANG_WARN_ENUM_CONVERSION = YES;
				CLANG_WARN_INT_CONVERSION = YES;
				CLANG_WARN_OBJC_ROOT_CLASS = YES_ERROR;
				CLANG_WARN_UNREACHABLE_CODE = YES;
				CLANG_WARN__DUPLICATE_METHOD_MATCH = YES;
				"CODE_SIGN_IDENTITY[sdk=iphoneos*]" = "iPhone Developer";
				COPY_PHASE_STRIP = NO;
				DEBUG_INFORMATION_FORMAT = dwarf;
				ENABLE_STRICT_OBJC_MSGSEND = YES;
				ENABLE_TESTABILITY = YES;
				GCC_C_LANGUAGE_STANDARD = gnu99;
				GCC_DYNAMIC_NO_PIC = NO;
				GCC_NO_COMMON_BLOCKS = YES;
				GCC_OPTIMIZATION_LEVEL = 0;
				GCC_PREPROCESSOR_DEFINITIONS = (
					"DEBUG=1",
					"$(inherited)",
				);
				GCC_WARN_64_TO_32_BIT_CONVERSION = YES;
				GCC_WARN_ABOUT_RETURN_TYPE = YES_ERROR;
				GCC_WARN_UNDECLARED_SELECTOR = YES;
				GCC_WARN_UNINITIALIZED_AUTOS = YES_AGGRESSIVE;
				GCC_WARN_UNUSED_FUNCTION = YES;
				GCC_WARN_UNUSED_VARIABLE = YES;
				IPHONEOS_DEPLOYMENT_TARGET = 9.3;
				MTL_ENABLE_DEBUG_INFO = YES;
				ONLY_ACTIVE_ARCH = YES;
				SDKROOT = iphoneos;
				TARGETED_DEVICE_FAMILY = "1,2";
			};
			name = Debug;
		};
		5C3C9A981CC62760004290FE /* Release */ = {
			isa = XCBuildConfiguration;
			buildSettings = {
				ALWAYS_SEARCH_USER_PATHS = NO;
				CLANG_ANALYZER_NONNULL = YES;
				CLANG_CXX_LANGUAGE_STANDARD = "gnu++0x";
				CLANG_CXX_LIBRARY = "libc++";
				CLANG_ENABLE_MODULES = YES;
				CLANG_ENABLE_OBJC_ARC = YES;
				CLANG_WARN_BOOL_CONVERSION = YES;
				CLANG_WARN_CONSTANT_CONVERSION = YES;
				CLANG_WARN_DIRECT_OBJC_ISA_USAGE = YES_ERROR;
				CLANG_WARN_EMPTY_BODY = YES;
				CLANG_WARN_ENUM_CONVERSION = YES;
				CLANG_WARN_INT_CONVERSION = YES;
				CLANG_WARN_OBJC_ROOT_CLASS = YES_ERROR;
				CLANG_WARN_UNREACHABLE_CODE = YES;
				CLANG_WARN__DUPLICATE_METHOD_MATCH = YES;
				"CODE_SIGN_IDENTITY[sdk=iphoneos*]" = "iPhone Developer";
				COPY_PHASE_STRIP = NO;
				DEBUG_INFORMATION_FORMAT = "dwarf-with-dsym";
				ENABLE_NS_ASSERTIONS = NO;
				ENABLE_STRICT_OBJC_MSGSEND = YES;
				GCC_C_LANGUAGE_STANDARD = gnu99;
				GCC_NO_COMMON_BLOCKS = YES;
				GCC_WARN_64_TO_32_BIT_CONVERSION = YES;
				GCC_WARN_ABOUT_RETURN_TYPE = YES_ERROR;
				GCC_WARN_UNDECLARED_SELECTOR = YES;
				GCC_WARN_UNINITIALIZED_AUTOS = YES_AGGRESSIVE;
				GCC_WARN_UNUSED_FUNCTION = YES;
				GCC_WARN_UNUSED_VARIABLE = YES;
				IPHONEOS_DEPLOYMENT_TARGET = 9.3;
				MTL_ENABLE_DEBUG_INFO = NO;
				SDKROOT = iphoneos;
				TARGETED_DEVICE_FAMILY = "1,2";
				VALIDATE_PRODUCT = YES;
			};
			name = Release;
		};
		5C3C9A9A1CC62760004290FE /* Debug */ = {
			isa = XCBuildConfiguration;
			buildSettings = {
				ASSETCATALOG_COMPILER_APPICON_NAME = AppIcon;
				INFOPLIST_FILE = TextViewLink/Info.plist;
				LD_RUNPATH_SEARCH_PATHS = "$(inherited) @executable_path/Frameworks";
				PRODUCT_BUNDLE_IDENTIFIER = com.lixu.TextViewLink;
				PRODUCT_NAME = "$(TARGET_NAME)";
			};
			name = Debug;
		};
		5C3C9A9B1CC62760004290FE /* Release */ = {
			isa = XCBuildConfiguration;
			buildSettings = {
				ASSETCATALOG_COMPILER_APPICON_NAME = AppIcon;
				INFOPLIST_FILE = TextViewLink/Info.plist;
				LD_RUNPATH_SEARCH_PATHS = "$(inherited) @executable_path/Frameworks";
				PRODUCT_BUNDLE_IDENTIFIER = com.lixu.TextViewLink;
				PRODUCT_NAME = "$(TARGET_NAME)";
			};
			name = Release;
		};
		5C3C9A9D1CC62760004290FE /* Debug */ = {
			isa = XCBuildConfiguration;
			buildSettings = {
				BUNDLE_LOADER = "$(TEST_HOST)";
				INFOPLIST_FILE = TextViewLinkTests/Info.plist;
				LD_RUNPATH_SEARCH_PATHS = "$(inherited) @executable_path/Frameworks @loader_path/Frameworks";
				PRODUCT_BUNDLE_IDENTIFIER = com.lixu.TextViewLinkTests;
				PRODUCT_NAME = "$(TARGET_NAME)";
				TEST_HOST = "$(BUILT_PRODUCTS_DIR)/TextViewLink.app/TextViewLink";
			};
			name = Debug;
		};
		5C3C9A9E1CC62760004290FE /* Release */ = {
			isa = XCBuildConfiguration;
			buildSettings = {
				BUNDLE_LOADER = "$(TEST_HOST)";
				INFOPLIST_FILE = TextViewLinkTests/Info.plist;
				LD_RUNPATH_SEARCH_PATHS = "$(inherited) @executable_path/Frameworks @loader_path/Frameworks";
				PRODUCT_BUNDLE_IDENTIFIER = com.lixu.TextViewLinkTests;
				PRODUCT_NAME = "$(TARGET_NAME)";
				TEST_HOST = "$(BUILT_PRODUCTS_DIR)/TextViewLink.app/TextViewLink";
			};
			name = Release;
		};
		5C3C9AA01CC62760004290FE /* Debug */ = {
			isa = XCBuildConfiguration;
			buildSettings = {
				INFOPLIST_FILE = TextViewLinkUITests/Info.plist;
				LD_RUNPATH_SEARCH_PATHS = "$(inherited) @executable_path/Frameworks @loader_path/Frameworks";
				PRODUCT_BUNDLE_IDENTIFIER = com.lixu.TextViewLinkUITests;
				PRODUCT_NAME = "$(TARGET_NAME)";
				TEST_TARGET_NAME = TextViewLink;
			};
			name = Debug;
		};
		5C3C9AA11CC62760004290FE /* Release */ = {
			isa = XCBuildConfiguration;
			buildSettings = {
				INFOPLIST_FILE = TextViewLinkUITests/Info.plist;
				LD_RUNPATH_SEARCH_PATHS = "$(inherited) @executable_path/Frameworks @loader_path/Frameworks";
				PRODUCT_BUNDLE_IDENTIFIER = com.lixu.TextViewLinkUITests;
				PRODUCT_NAME = "$(TARGET_NAME)";
				TEST_TARGET_NAME = TextViewLink;
			};
			name = Release;
		};
/* End XCBuildConfiguration section */

/* Begin XCConfigurationList section */
		5C3C9A671CC62760004290FE /* Build configuration list for PBXProject "TextViewLink" */ = {
			isa = XCConfigurationList;
			buildConfigurations = (
				5C3C9A971CC62760004290FE /* Debug */,
				5C3C9A981CC62760004290FE /* Release */,
			);
			defaultConfigurationIsVisible = 0;
			defaultConfigurationName = Release;
		};
		5C3C9A991CC62760004290FE /* Build configuration list for PBXNativeTarget "TextViewLink" */ = {
			isa = XCConfigurationList;
			buildConfigurations = (
				5C3C9A9A1CC62760004290FE /* Debug */,
				5C3C9A9B1CC62760004290FE /* Release */,
			);
			defaultConfigurationIsVisible = 0;
			defaultConfigurationName = Release;
		};
		5C3C9A9C1CC62760004290FE /* Build configuration list for PBXNativeTarget "TextViewLinkTests" */ = {
			isa = XCConfigurationList;
			buildConfigurations = (
				5C3C9A9D1CC62760004290FE /* Debug */,
				5C3C9A9E1CC62760004290FE /* Release */,
			);
			defaultConfigurationIsVisible = 0;
			defaultConfigurationName = Release;
		};
		5C3C9A9F1CC62760004290FE /* Build configuration list for PBXNativeTarget "TextViewLinkUITests" */ = {
			isa = XCConfigurationList;
			buildConfigurations = (
				5C3C9AA01CC62760004290FE /* Debug */,
				5C3C9AA11CC62760004290FE /* Release */,
			);
			defaultConfigurationIsVisible = 0;
			defaultConfigurationName = Release;
		};
/* End XCConfigurationList section */
	};
	rootObject = 5C3C9A641CC62760004290FE /* Project object */;
}
